// !$*UTF8*$!
{
	archiveVersion = 1;
	classes = {
	};
	objectVersion = 50;
	objects = {

/* Begin PBXBuildFile section */
		3D670C538DAEFC343229999A /* Pods_RxPracticeTests.framework in Frameworks */ = {isa = PBXBuildFile; fileRef = 828504106732FA721BCCF03A /* Pods_RxPracticeTests.framework */; };
		3F6E48FB21BFAFB300BD5270 /* AppDelegate.swift in Sources */ = {isa = PBXBuildFile; fileRef = 3F6E48FA21BFAFB300BD5270 /* AppDelegate.swift */; };
		3F6E490321BFAFB300BD5270 /* RxPractice.xcdatamodeld in Sources */ = {isa = PBXBuildFile; fileRef = 3F6E490121BFAFB300BD5270 /* RxPractice.xcdatamodeld */; };
		3F6E490521BFAFB400BD5270 /* Assets.xcassets in Resources */ = {isa = PBXBuildFile; fileRef = 3F6E490421BFAFB400BD5270 /* Assets.xcassets */; };
		3F6E490821BFAFB400BD5270 /* LaunchScreen.storyboard in Resources */ = {isa = PBXBuildFile; fileRef = 3F6E490621BFAFB400BD5270 /* LaunchScreen.storyboard */; };
		3F6E491321BFAFB400BD5270 /* RxPracticeTests.swift in Sources */ = {isa = PBXBuildFile; fileRef = 3F6E491221BFAFB400BD5270 /* RxPracticeTests.swift */; };
		3F6E491E21BFAFB400BD5270 /* RxPracticeUITests.swift in Sources */ = {isa = PBXBuildFile; fileRef = 3F6E491D21BFAFB400BD5270 /* RxPracticeUITests.swift */; };
		3F6E492E21BFB22200BD5270 /* NumberViewController.swift in Sources */ = {isa = PBXBuildFile; fileRef = 3F6E492D21BFB22200BD5270 /* NumberViewController.swift */; };
		3F6E493121BFB27900BD5270 /* Number.storyboard in Resources */ = {isa = PBXBuildFile; fileRef = 3F6E493021BFB27900BD5270 /* Number.storyboard */; };
		3F6E493421BFB9AA00BD5270 /* SimpleValidation.storyboard in Resources */ = {isa = PBXBuildFile; fileRef = 3F6E493321BFB9AA00BD5270 /* SimpleValidation.storyboard */; };
		3F6E493621BFBAAA00BD5270 /* SimpleValidationViewController.swift in Sources */ = {isa = PBXBuildFile; fileRef = 3F6E493521BFBAAA00BD5270 /* SimpleValidationViewController.swift */; };
		3F6E494221C0D60300BD5270 /* SimpleTableViewController.swift in Sources */ = {isa = PBXBuildFile; fileRef = 3F6E494121C0D60300BD5270 /* SimpleTableViewController.swift */; };
		3F6E494421C0D60C00BD5270 /* SimpleTableView.storyboard in Resources */ = {isa = PBXBuildFile; fileRef = 3F6E494321C0D60C00BD5270 /* SimpleTableView.storyboard */; };
		3F82028321DF412D00B0D0CF /* ViewController.swift in Sources */ = {isa = PBXBuildFile; fileRef = 3F82028221DF412D00B0D0CF /* ViewController.swift */; };
		3F82028521DF422000B0D0CF /* ViewController.storyboard in Resources */ = {isa = PBXBuildFile; fileRef = 3F82028421DF422000B0D0CF /* ViewController.storyboard */; };
		56DE229B6934F52C0ED50C2E /* Pods_RxPractice.framework in Frameworks */ = {isa = PBXBuildFile; fileRef = 64FD34F89DE3DCC5983DC589 /* Pods_RxPractice.framework */; };
		DA41255D52039B7DAF92AE83 /* Pods_RxPracticeUITests.framework in Frameworks */ = {isa = PBXBuildFile; fileRef = 66F0AE084B9BE0950D94CBDE /* Pods_RxPracticeUITests.framework */; };
/* End PBXBuildFile section */

/* Begin PBXContainerItemProxy section */
		3F6E490F21BFAFB400BD5270 /* PBXContainerItemProxy */ = {
			isa = PBXContainerItemProxy;
			containerPortal = 3F6E48EF21BFAFB300BD5270 /* Project object */;
			proxyType = 1;
			remoteGlobalIDString = 3F6E48F621BFAFB300BD5270;
			remoteInfo = RxPractice;
		};
		3F6E491A21BFAFB400BD5270 /* PBXContainerItemProxy */ = {
			isa = PBXContainerItemProxy;
			containerPortal = 3F6E48EF21BFAFB300BD5270 /* Project object */;
			proxyType = 1;
			remoteGlobalIDString = 3F6E48F621BFAFB300BD5270;
			remoteInfo = RxPractice;
		};
/* End PBXContainerItemProxy section */

/* Begin PBXFileReference section */
		07DF41449521B401D486FD0C /* Pods-RxPracticeTests.release.xcconfig */ = {isa = PBXFileReference; includeInIndex = 1; lastKnownFileType = text.xcconfig; name = "Pods-RxPracticeTests.release.xcconfig"; path = "Pods/Target Support Files/Pods-RxPracticeTests/Pods-RxPracticeTests.release.xcconfig"; sourceTree = "<group>"; };
		0AA7BC44E49C3982B9031342 /* Pods-RxPracticeUITests.release.xcconfig */ = {isa = PBXFileReference; includeInIndex = 1; lastKnownFileType = text.xcconfig; name = "Pods-RxPracticeUITests.release.xcconfig"; path = "Pods/Target Support Files/Pods-RxPracticeUITests/Pods-RxPracticeUITests.release.xcconfig"; sourceTree = "<group>"; };
		32625D03DB876FEBDDCF9475 /* Pods-RxPractice.release.xcconfig */ = {isa = PBXFileReference; includeInIndex = 1; lastKnownFileType = text.xcconfig; name = "Pods-RxPractice.release.xcconfig"; path = "Pods/Target Support Files/Pods-RxPractice/Pods-RxPractice.release.xcconfig"; sourceTree = "<group>"; };
		3610D427BCE99FE90B96D28C /* Pods-RxPracticeUITests.debug.xcconfig */ = {isa = PBXFileReference; includeInIndex = 1; lastKnownFileType = text.xcconfig; name = "Pods-RxPracticeUITests.debug.xcconfig"; path = "Pods/Target Support Files/Pods-RxPracticeUITests/Pods-RxPracticeUITests.debug.xcconfig"; sourceTree = "<group>"; };
		3F6E48F721BFAFB300BD5270 /* RxPractice.app */ = {isa = PBXFileReference; explicitFileType = wrapper.application; includeInIndex = 0; path = RxPractice.app; sourceTree = BUILT_PRODUCTS_DIR; };
		3F6E48FA21BFAFB300BD5270 /* AppDelegate.swift */ = {isa = PBXFileReference; lastKnownFileType = sourcecode.swift; path = AppDelegate.swift; sourceTree = "<group>"; };
		3F6E490221BFAFB300BD5270 /* RxPractice.xcdatamodel */ = {isa = PBXFileReference; lastKnownFileType = wrapper.xcdatamodel; path = RxPractice.xcdatamodel; sourceTree = "<group>"; };
		3F6E490421BFAFB400BD5270 /* Assets.xcassets */ = {isa = PBXFileReference; lastKnownFileType = folder.assetcatalog; path = Assets.xcassets; sourceTree = "<group>"; };
		3F6E490721BFAFB400BD5270 /* Base */ = {isa = PBXFileReference; lastKnownFileType = file.storyboard; name = Base; path = Base.lproj/LaunchScreen.storyboard; sourceTree = "<group>"; };
		3F6E490921BFAFB400BD5270 /* Info.plist */ = {isa = PBXFileReference; lastKnownFileType = text.plist.xml; path = Info.plist; sourceTree = "<group>"; };
		3F6E490E21BFAFB400BD5270 /* RxPracticeTests.xctest */ = {isa = PBXFileReference; explicitFileType = wrapper.cfbundle; includeInIndex = 0; path = RxPracticeTests.xctest; sourceTree = BUILT_PRODUCTS_DIR; };
		3F6E491221BFAFB400BD5270 /* RxPracticeTests.swift */ = {isa = PBXFileReference; lastKnownFileType = sourcecode.swift; path = RxPracticeTests.swift; sourceTree = "<group>"; };
		3F6E491421BFAFB400BD5270 /* Info.plist */ = {isa = PBXFileReference; lastKnownFileType = text.plist.xml; path = Info.plist; sourceTree = "<group>"; };
		3F6E491921BFAFB400BD5270 /* RxPracticeUITests.xctest */ = {isa = PBXFileReference; explicitFileType = wrapper.cfbundle; includeInIndex = 0; path = RxPracticeUITests.xctest; sourceTree = BUILT_PRODUCTS_DIR; };
		3F6E491D21BFAFB400BD5270 /* RxPracticeUITests.swift */ = {isa = PBXFileReference; lastKnownFileType = sourcecode.swift; path = RxPracticeUITests.swift; sourceTree = "<group>"; };
		3F6E491F21BFAFB400BD5270 /* Info.plist */ = {isa = PBXFileReference; lastKnownFileType = text.plist.xml; path = Info.plist; sourceTree = "<group>"; };
		3F6E492D21BFB22200BD5270 /* NumberViewController.swift */ = {isa = PBXFileReference; lastKnownFileType = sourcecode.swift; path = NumberViewController.swift; sourceTree = "<group>"; };
		3F6E493021BFB27900BD5270 /* Number.storyboard */ = {isa = PBXFileReference; lastKnownFileType = file.storyboard; path = Number.storyboard; sourceTree = "<group>"; };
		3F6E493321BFB9AA00BD5270 /* SimpleValidation.storyboard */ = {isa = PBXFileReference; lastKnownFileType = file.storyboard; path = SimpleValidation.storyboard; sourceTree = "<group>"; };
		3F6E493521BFBAAA00BD5270 /* SimpleValidationViewController.swift */ = {isa = PBXFileReference; lastKnownFileType = sourcecode.swift; path = SimpleValidationViewController.swift; sourceTree = "<group>"; };
		3F6E494121C0D60300BD5270 /* SimpleTableViewController.swift */ = {isa = PBXFileReference; lastKnownFileType = sourcecode.swift; path = SimpleTableViewController.swift; sourceTree = "<group>"; };
		3F6E494321C0D60C00BD5270 /* SimpleTableView.storyboard */ = {isa = PBXFileReference; lastKnownFileType = file.storyboard; path = SimpleTableView.storyboard; sourceTree = "<group>"; };
		3F82028221DF412D00B0D0CF /* ViewController.swift */ = {isa = PBXFileReference; lastKnownFileType = sourcecode.swift; path = ViewController.swift; sourceTree = "<group>"; };
		3F82028421DF422000B0D0CF /* ViewController.storyboard */ = {isa = PBXFileReference; lastKnownFileType = file.storyboard; path = ViewController.storyboard; sourceTree = "<group>"; };
		64FD34F89DE3DCC5983DC589 /* Pods_RxPractice.framework */ = {isa = PBXFileReference; explicitFileType = wrapper.framework; includeInIndex = 0; path = Pods_RxPractice.framework; sourceTree = BUILT_PRODUCTS_DIR; };
		66F0AE084B9BE0950D94CBDE /* Pods_RxPracticeUITests.framework */ = {isa = PBXFileReference; explicitFileType = wrapper.framework; includeInIndex = 0; path = Pods_RxPracticeUITests.framework; sourceTree = BUILT_PRODUCTS_DIR; };
		828504106732FA721BCCF03A /* Pods_RxPracticeTests.framework */ = {isa = PBXFileReference; explicitFileType = wrapper.framework; includeInIndex = 0; path = Pods_RxPracticeTests.framework; sourceTree = BUILT_PRODUCTS_DIR; };
		E8574C1389A4B997CA7D803B /* Pods-RxPracticeTests.debug.xcconfig */ = {isa = PBXFileReference; includeInIndex = 1; lastKnownFileType = text.xcconfig; name = "Pods-RxPracticeTests.debug.xcconfig"; path = "Pods/Target Support Files/Pods-RxPracticeTests/Pods-RxPracticeTests.debug.xcconfig"; sourceTree = "<group>"; };
		E94B71EBC6511C3A80D9BBCA /* Pods-RxPractice.debug.xcconfig */ = {isa = PBXFileReference; includeInIndex = 1; lastKnownFileType = text.xcconfig; name = "Pods-RxPractice.debug.xcconfig"; path = "Pods/Target Support Files/Pods-RxPractice/Pods-RxPractice.debug.xcconfig"; sourceTree = "<group>"; };
/* End PBXFileReference section */

/* Begin PBXFrameworksBuildPhase section */
		3F6E48F421BFAFB300BD5270 /* Frameworks */ = {
			isa = PBXFrameworksBuildPhase;
			buildActionMask = 2147483647;
			files = (
				56DE229B6934F52C0ED50C2E /* Pods_RxPractice.framework in Frameworks */,
			);
			runOnlyForDeploymentPostprocessing = 0;
		};
		3F6E490B21BFAFB400BD5270 /* Frameworks */ = {
			isa = PBXFrameworksBuildPhase;
			buildActionMask = 2147483647;
			files = (
				3D670C538DAEFC343229999A /* Pods_RxPracticeTests.framework in Frameworks */,
			);
			runOnlyForDeploymentPostprocessing = 0;
		};
		3F6E491621BFAFB400BD5270 /* Frameworks */ = {
			isa = PBXFrameworksBuildPhase;
			buildActionMask = 2147483647;
			files = (
				DA41255D52039B7DAF92AE83 /* Pods_RxPracticeUITests.framework in Frameworks */,
			);
			runOnlyForDeploymentPostprocessing = 0;
		};
/* End PBXFrameworksBuildPhase section */

/* Begin PBXGroup section */
		0D42EA9BBB4849C80911AC02 /* Frameworks */ = {
			isa = PBXGroup;
			children = (
				64FD34F89DE3DCC5983DC589 /* Pods_RxPractice.framework */,
				828504106732FA721BCCF03A /* Pods_RxPracticeTests.framework */,
				66F0AE084B9BE0950D94CBDE /* Pods_RxPracticeUITests.framework */,
			);
			name = Frameworks;
			sourceTree = "<group>";
		};
		3F6E48EE21BFAFB300BD5270 = {
			isa = PBXGroup;
			children = (
				3F6E48F921BFAFB300BD5270 /* RxPractice */,
				3F6E491121BFAFB400BD5270 /* RxPracticeTests */,
				3F6E491C21BFAFB400BD5270 /* RxPracticeUITests */,
				3F6E48F821BFAFB300BD5270 /* Products */,
				82876378D1D08BAD6BF1783A /* Pods */,
				0D42EA9BBB4849C80911AC02 /* Frameworks */,
			);
			sourceTree = "<group>";
		};
		3F6E48F821BFAFB300BD5270 /* Products */ = {
			isa = PBXGroup;
			children = (
				3F6E48F721BFAFB300BD5270 /* RxPractice.app */,
				3F6E490E21BFAFB400BD5270 /* RxPracticeTests.xctest */,
				3F6E491921BFAFB400BD5270 /* RxPracticeUITests.xctest */,
			);
			name = Products;
			sourceTree = "<group>";
		};
		3F6E48F921BFAFB300BD5270 /* RxPractice */ = {
			isa = PBXGroup;
			children = (
				3F6E492B21BFB1BD00BD5270 /* Practice */,
				3F6E48FA21BFAFB300BD5270 /* AppDelegate.swift */,
				3F6E490421BFAFB400BD5270 /* Assets.xcassets */,
				3F6E490621BFAFB400BD5270 /* LaunchScreen.storyboard */,
				3F6E490921BFAFB400BD5270 /* Info.plist */,
				3F6E490121BFAFB300BD5270 /* RxPractice.xcdatamodeld */,
			);
			path = RxPractice;
			sourceTree = "<group>";
		};
		3F6E491121BFAFB400BD5270 /* RxPracticeTests */ = {
			isa = PBXGroup;
			children = (
				3F6E491221BFAFB400BD5270 /* RxPracticeTests.swift */,
				3F6E491421BFAFB400BD5270 /* Info.plist */,
			);
			path = RxPracticeTests;
			sourceTree = "<group>";
		};
		3F6E491C21BFAFB400BD5270 /* RxPracticeUITests */ = {
			isa = PBXGroup;
			children = (
				3F6E491D21BFAFB400BD5270 /* RxPracticeUITests.swift */,
				3F6E491F21BFAFB400BD5270 /* Info.plist */,
			);
			path = RxPracticeUITests;
			sourceTree = "<group>";
		};
		3F6E492B21BFB1BD00BD5270 /* Practice */ = {
			isa = PBXGroup;
			children = (
				3F82028121DF411400B0D0CF /* HelloWorld */,
				3F6E494021C0D5EC00BD5270 /* SimpleTableView */,
				3F6E493221BFB99800BD5270 /* SimpleValidation */,
				3F6E492C21BFB1C800BD5270 /* Numbers */,
			);
			path = Practice;
			sourceTree = "<group>";
		};
		3F6E492C21BFB1C800BD5270 /* Numbers */ = {
			isa = PBXGroup;
			children = (
				3F6E492D21BFB22200BD5270 /* NumberViewController.swift */,
				3F6E493021BFB27900BD5270 /* Number.storyboard */,
			);
			path = Numbers;
			sourceTree = "<group>";
		};
		3F6E493221BFB99800BD5270 /* SimpleValidation */ = {
			isa = PBXGroup;
			children = (
				3F6E493321BFB9AA00BD5270 /* SimpleValidation.storyboard */,
				3F6E493521BFBAAA00BD5270 /* SimpleValidationViewController.swift */,
			);
			path = SimpleValidation;
			sourceTree = "<group>";
		};
		3F6E494021C0D5EC00BD5270 /* SimpleTableView */ = {
			isa = PBXGroup;
			children = (
				3F6E494121C0D60300BD5270 /* SimpleTableViewController.swift */,
				3F6E494321C0D60C00BD5270 /* SimpleTableView.storyboard */,
			);
			path = SimpleTableView;
			sourceTree = "<group>";
		};
		3F82028121DF411400B0D0CF /* HelloWorld */ = {
			isa = PBXGroup;
			children = (
				3F82028221DF412D00B0D0CF /* ViewController.swift */,
				3F82028421DF422000B0D0CF /* ViewController.storyboard */,
			);
			path = HelloWorld;
			sourceTree = "<group>";
		};
		82876378D1D08BAD6BF1783A /* Pods */ = {
			isa = PBXGroup;
			children = (
				E94B71EBC6511C3A80D9BBCA /* Pods-RxPractice.debug.xcconfig */,
				32625D03DB876FEBDDCF9475 /* Pods-RxPractice.release.xcconfig */,
				E8574C1389A4B997CA7D803B /* Pods-RxPracticeTests.debug.xcconfig */,
				07DF41449521B401D486FD0C /* Pods-RxPracticeTests.release.xcconfig */,
				3610D427BCE99FE90B96D28C /* Pods-RxPracticeUITests.debug.xcconfig */,
				0AA7BC44E49C3982B9031342 /* Pods-RxPracticeUITests.release.xcconfig */,
			);
			name = Pods;
			sourceTree = "<group>";
		};
/* End PBXGroup section */

/* Begin PBXNativeTarget section */
		3F6E48F621BFAFB300BD5270 /* RxPractice */ = {
			isa = PBXNativeTarget;
			buildConfigurationList = 3F6E492221BFAFB400BD5270 /* Build configuration list for PBXNativeTarget "RxPractice" */;
			buildPhases = (
				46861C8DAD4B535CAA843EB4 /* [CP] Check Pods Manifest.lock */,
				3F6E48F321BFAFB300BD5270 /* Sources */,
				3F6E48F421BFAFB300BD5270 /* Frameworks */,
				3F6E48F521BFAFB300BD5270 /* Resources */,
				D92FCA817CA6F4C23CD57D03 /* [CP] Embed Pods Frameworks */,
			);
			buildRules = (
			);
			dependencies = (
			);
			name = RxPractice;
			productName = RxPractice;
			productReference = 3F6E48F721BFAFB300BD5270 /* RxPractice.app */;
			productType = "com.apple.product-type.application";
		};
		3F6E490D21BFAFB400BD5270 /* RxPracticeTests */ = {
			isa = PBXNativeTarget;
			buildConfigurationList = 3F6E492521BFAFB400BD5270 /* Build configuration list for PBXNativeTarget "RxPracticeTests" */;
			buildPhases = (
				CFBE43975D361A6AC78A56EC /* [CP] Check Pods Manifest.lock */,
				3F6E490A21BFAFB400BD5270 /* Sources */,
				3F6E490B21BFAFB400BD5270 /* Frameworks */,
				3F6E490C21BFAFB400BD5270 /* Resources */,
			);
			buildRules = (
			);
			dependencies = (
				3F6E491021BFAFB400BD5270 /* PBXTargetDependency */,
			);
			name = RxPracticeTests;
			productName = RxPracticeTests;
			productReference = 3F6E490E21BFAFB400BD5270 /* RxPracticeTests.xctest */;
			productType = "com.apple.product-type.bundle.unit-test";
		};
		3F6E491821BFAFB400BD5270 /* RxPracticeUITests */ = {
			isa = PBXNativeTarget;
			buildConfigurationList = 3F6E492821BFAFB400BD5270 /* Build configuration list for PBXNativeTarget "RxPracticeUITests" */;
			buildPhases = (
				798B8EC297067DEF4A3F090C /* [CP] Check Pods Manifest.lock */,
				3F6E491521BFAFB400BD5270 /* Sources */,
				3F6E491621BFAFB400BD5270 /* Frameworks */,
				3F6E491721BFAFB400BD5270 /* Resources */,
			);
			buildRules = (
			);
			dependencies = (
				3F6E491B21BFAFB400BD5270 /* PBXTargetDependency */,
			);
			name = RxPracticeUITests;
			productName = RxPracticeUITests;
			productReference = 3F6E491921BFAFB400BD5270 /* RxPracticeUITests.xctest */;
			productType = "com.apple.product-type.bundle.ui-testing";
		};
/* End PBXNativeTarget section */

/* Begin PBXProject section */
		3F6E48EF21BFAFB300BD5270 /* Project object */ = {
			isa = PBXProject;
			attributes = {
				LastSwiftUpdateCheck = 1000;
				LastUpgradeCheck = 1000;
				ORGANIZATIONNAME = giiiita;
				TargetAttributes = {
					3F6E48F621BFAFB300BD5270 = {
						CreatedOnToolsVersion = 10.0;
					};
					3F6E490D21BFAFB400BD5270 = {
						CreatedOnToolsVersion = 10.0;
						TestTargetID = 3F6E48F621BFAFB300BD5270;
					};
					3F6E491821BFAFB400BD5270 = {
						CreatedOnToolsVersion = 10.0;
						TestTargetID = 3F6E48F621BFAFB300BD5270;
					};
				};
			};
			buildConfigurationList = 3F6E48F221BFAFB300BD5270 /* Build configuration list for PBXProject "RxPractice" */;
			compatibilityVersion = "Xcode 9.3";
			developmentRegion = en;
			hasScannedForEncodings = 0;
			knownRegions = (
				en,
				Base,
			);
			mainGroup = 3F6E48EE21BFAFB300BD5270;
			productRefGroup = 3F6E48F821BFAFB300BD5270 /* Products */;
			projectDirPath = "";
			projectRoot = "";
			targets = (
				3F6E48F621BFAFB300BD5270 /* RxPractice */,
				3F6E490D21BFAFB400BD5270 /* RxPracticeTests */,
				3F6E491821BFAFB400BD5270 /* RxPracticeUITests */,
			);
		};
/* End PBXProject section */

/* Begin PBXResourcesBuildPhase section */
		3F6E48F521BFAFB300BD5270 /* Resources */ = {
			isa = PBXResourcesBuildPhase;
			buildActionMask = 2147483647;
			files = (
				3F6E490821BFAFB400BD5270 /* LaunchScreen.storyboard in Resources */,
				3F6E493121BFB27900BD5270 /* Number.storyboard in Resources */,
				3F6E494421C0D60C00BD5270 /* SimpleTableView.storyboard in Resources */,
				3F6E490521BFAFB400BD5270 /* Assets.xcassets in Resources */,
				3F6E493421BFB9AA00BD5270 /* SimpleValidation.storyboard in Resources */,
				3F82028521DF422000B0D0CF /* ViewController.storyboard in Resources */,
			);
			runOnlyForDeploymentPostprocessing = 0;
		};
		3F6E490C21BFAFB400BD5270 /* Resources */ = {
			isa = PBXResourcesBuildPhase;
			buildActionMask = 2147483647;
			files = (
			);
			runOnlyForDeploymentPostprocessing = 0;
		};
		3F6E491721BFAFB400BD5270 /* Resources */ = {
			isa = PBXResourcesBuildPhase;
			buildActionMask = 2147483647;
			files = (
			);
			runOnlyForDeploymentPostprocessing = 0;
		};
/* End PBXResourcesBuildPhase section */

/* Begin PBXShellScriptBuildPhase section */
		46861C8DAD4B535CAA843EB4 /* [CP] Check Pods Manifest.lock */ = {
			isa = PBXShellScriptBuildPhase;
			buildActionMask = 2147483647;
			files = (
			);
			inputPaths = (
				"${PODS_PODFILE_DIR_PATH}/Podfile.lock",
				"${PODS_ROOT}/Manifest.lock",
			);
			name = "[CP] Check Pods Manifest.lock";
			outputPaths = (
				"$(DERIVED_FILE_DIR)/Pods-RxPractice-checkManifestLockResult.txt",
			);
			runOnlyForDeploymentPostprocessing = 0;
			shellPath = /bin/sh;
			shellScript = "diff \"${PODS_PODFILE_DIR_PATH}/Podfile.lock\" \"${PODS_ROOT}/Manifest.lock\" > /dev/null\nif [ $? != 0 ] ; then\n    # print error to STDERR\n    echo \"error: The sandbox is not in sync with the Podfile.lock. Run 'pod install' or update your CocoaPods installation.\" >&2\n    exit 1\nfi\n# This output is used by Xcode 'outputs' to avoid re-running this script phase.\necho \"SUCCESS\" > \"${SCRIPT_OUTPUT_FILE_0}\"\n";
			showEnvVarsInLog = 0;
		};
		798B8EC297067DEF4A3F090C /* [CP] Check Pods Manifest.lock */ = {
			isa = PBXShellScriptBuildPhase;
			buildActionMask = 2147483647;
			files = (
			);
			inputPaths = (
				"${PODS_PODFILE_DIR_PATH}/Podfile.lock",
				"${PODS_ROOT}/Manifest.lock",
			);
			name = "[CP] Check Pods Manifest.lock";
			outputPaths = (
				"$(DERIVED_FILE_DIR)/Pods-RxPracticeUITests-checkManifestLockResult.txt",
			);
			runOnlyForDeploymentPostprocessing = 0;
			shellPath = /bin/sh;
			shellScript = "diff \"${PODS_PODFILE_DIR_PATH}/Podfile.lock\" \"${PODS_ROOT}/Manifest.lock\" > /dev/null\nif [ $? != 0 ] ; then\n    # print error to STDERR\n    echo \"error: The sandbox is not in sync with the Podfile.lock. Run 'pod install' or update your CocoaPods installation.\" >&2\n    exit 1\nfi\n# This output is used by Xcode 'outputs' to avoid re-running this script phase.\necho \"SUCCESS\" > \"${SCRIPT_OUTPUT_FILE_0}\"\n";
			showEnvVarsInLog = 0;
		};
		CFBE43975D361A6AC78A56EC /* [CP] Check Pods Manifest.lock */ = {
			isa = PBXShellScriptBuildPhase;
			buildActionMask = 2147483647;
			files = (
			);
			inputPaths = (
				"${PODS_PODFILE_DIR_PATH}/Podfile.lock",
				"${PODS_ROOT}/Manifest.lock",
			);
			name = "[CP] Check Pods Manifest.lock";
			outputPaths = (
				"$(DERIVED_FILE_DIR)/Pods-RxPracticeTests-checkManifestLockResult.txt",
			);
			runOnlyForDeploymentPostprocessing = 0;
			shellPath = /bin/sh;
			shellScript = "diff \"${PODS_PODFILE_DIR_PATH}/Podfile.lock\" \"${PODS_ROOT}/Manifest.lock\" > /dev/null\nif [ $? != 0 ] ; then\n    # print error to STDERR\n    echo \"error: The sandbox is not in sync with the Podfile.lock. Run 'pod install' or update your CocoaPods installation.\" >&2\n    exit 1\nfi\n# This output is used by Xcode 'outputs' to avoid re-running this script phase.\necho \"SUCCESS\" > \"${SCRIPT_OUTPUT_FILE_0}\"\n";
			showEnvVarsInLog = 0;
		};
		D92FCA817CA6F4C23CD57D03 /* [CP] Embed Pods Frameworks */ = {
			isa = PBXShellScriptBuildPhase;
			buildActionMask = 2147483647;
			files = (
			);
			inputPaths = (
				"${SRCROOT}/Pods/Target Support Files/Pods-RxPractice/Pods-RxPractice-frameworks.sh",
				"${BUILT_PRODUCTS_DIR}/RxAtomic/RxAtomic.framework",
				"${BUILT_PRODUCTS_DIR}/RxCocoa/RxCocoa.framework",
				"${BUILT_PRODUCTS_DIR}/RxSwift/RxSwift.framework",
			);
			name = "[CP] Embed Pods Frameworks";
			outputPaths = (
				"${TARGET_BUILD_DIR}/${FRAMEWORKS_FOLDER_PATH}/RxAtomic.framework",
				"${TARGET_BUILD_DIR}/${FRAMEWORKS_FOLDER_PATH}/RxCocoa.framework",
				"${TARGET_BUILD_DIR}/${FRAMEWORKS_FOLDER_PATH}/RxSwift.framework",
			);
			runOnlyForDeploymentPostprocessing = 0;
			shellPath = /bin/sh;
			shellScript = "\"${SRCROOT}/Pods/Target Support Files/Pods-RxPractice/Pods-RxPractice-frameworks.sh\"\n";
			showEnvVarsInLog = 0;
		};
/* End PBXShellScriptBuildPhase section */

/* Begin PBXSourcesBuildPhase section */
		3F6E48F321BFAFB300BD5270 /* Sources */ = {
			isa = PBXSourcesBuildPhase;
			buildActionMask = 2147483647;
			files = (
				3F82028321DF412D00B0D0CF /* ViewController.swift in Sources */,
				3F6E492E21BFB22200BD5270 /* NumberViewController.swift in Sources */,
				3F6E490321BFAFB300BD5270 /* RxPractice.xcdatamodeld in Sources */,
				3F6E494221C0D60300BD5270 /* SimpleTableViewController.swift in Sources */,
				3F6E48FB21BFAFB300BD5270 /* AppDelegate.swift in Sources */,
				3F6E493621BFBAAA00BD5270 /* SimpleValidationViewController.swift in Sources */,
			);
			runOnlyForDeploymentPostprocessing = 0;
		};
		3F6E490A21BFAFB400BD5270 /* Sources */ = {
			isa = PBXSourcesBuildPhase;
			buildActionMask = 2147483647;
			files = (
				3F6E491321BFAFB400BD5270 /* RxPracticeTests.swift in Sources */,
			);
			runOnlyForDeploymentPostprocessing = 0;
		};
		3F6E491521BFAFB400BD5270 /* Sources */ = {
			isa = PBXSourcesBuildPhase;
			buildActionMask = 2147483647;
			files = (
				3F6E491E21BFAFB400BD5270 /* RxPracticeUITests.swift in Sources */,
			);
			runOnlyForDeploymentPostprocessing = 0;
		};
/* End PBXSourcesBuildPhase section */

/* Begin PBXTargetDependency section */
		3F6E491021BFAFB400BD5270 /* PBXTargetDependency */ = {
			isa = PBXTargetDependency;
			target = 3F6E48F621BFAFB300BD5270 /* RxPractice */;
			targetProxy = 3F6E490F21BFAFB400BD5270 /* PBXContainerItemProxy */;
		};
		3F6E491B21BFAFB400BD5270 /* PBXTargetDependency */ = {
			isa = PBXTargetDependency;
			target = 3F6E48F621BFAFB300BD5270 /* RxPractice */;
			targetProxy = 3F6E491A21BFAFB400BD5270 /* PBXContainerItemProxy */;
		};
/* End PBXTargetDependency section */

/* Begin PBXVariantGroup section */
		3F6E490621BFAFB400BD5270 /* LaunchScreen.storyboard */ = {
			isa = PBXVariantGroup;
			children = (
				3F6E490721BFAFB400BD5270 /* Base */,
			);
			name = LaunchScreen.storyboard;
			sourceTree = "<group>";
		};
/* End PBXVariantGroup section */

/* Begin XCBuildConfiguration section */
		3F6E492021BFAFB400BD5270 /* Debug */ = {
			isa = XCBuildConfiguration;
			buildSettings = {
				ALWAYS_SEARCH_USER_PATHS = NO;
				CLANG_ANALYZER_NONNULL = YES;
				CLANG_ANALYZER_NUMBER_OBJECT_CONVERSION = YES_AGGRESSIVE;
				CLANG_CXX_LANGUAGE_STANDARD = "gnu++14";
				CLANG_CXX_LIBRARY = "libc++";
				CLANG_ENABLE_MODULES = YES;
				CLANG_ENABLE_OBJC_ARC = YES;
				CLANG_ENABLE_OBJC_WEAK = YES;
				CLANG_WARN_BLOCK_CAPTURE_AUTORELEASING = YES;
				CLANG_WARN_BOOL_CONVERSION = YES;
				CLANG_WARN_COMMA = YES;
				CLANG_WARN_CONSTANT_CONVERSION = YES;
				CLANG_WARN_DEPRECATED_OBJC_IMPLEMENTATIONS = YES;
				CLANG_WARN_DIRECT_OBJC_ISA_USAGE = YES_ERROR;
				CLANG_WARN_DOCUMENTATION_COMMENTS = YES;
				CLANG_WARN_EMPTY_BODY = YES;
				CLANG_WARN_ENUM_CONVERSION = YES;
				CLANG_WARN_INFINITE_RECURSION = YES;
				CLANG_WARN_INT_CONVERSION = YES;
				CLANG_WARN_NON_LITERAL_NULL_CONVERSION = YES;
				CLANG_WARN_OBJC_IMPLICIT_RETAIN_SELF = YES;
				CLANG_WARN_OBJC_LITERAL_CONVERSION = YES;
				CLANG_WARN_OBJC_ROOT_CLASS = YES_ERROR;
				CLANG_WARN_RANGE_LOOP_ANALYSIS = YES;
				CLANG_WARN_STRICT_PROTOTYPES = YES;
				CLANG_WARN_SUSPICIOUS_MOVE = YES;
				CLANG_WARN_UNGUARDED_AVAILABILITY = YES_AGGRESSIVE;
				CLANG_WARN_UNREACHABLE_CODE = YES;
				CLANG_WARN__DUPLICATE_METHOD_MATCH = YES;
				CODE_SIGN_IDENTITY = "iPhone Developer";
				COPY_PHASE_STRIP = NO;
				DEBUG_INFORMATION_FORMAT = dwarf;
				ENABLE_STRICT_OBJC_MSGSEND = YES;
				ENABLE_TESTABILITY = YES;
				GCC_C_LANGUAGE_STANDARD = gnu11;
				GCC_DYNAMIC_NO_PIC = NO;
				GCC_NO_COMMON_BLOCKS = YES;
				GCC_OPTIMIZATION_LEVEL = 0;
				GCC_PREPROCESSOR_DEFINITIONS = (
					"DEBUG=1",
					"$(inherited)",
				);
				GCC_WARN_64_TO_32_BIT_CONVERSION = YES;
				GCC_WARN_ABOUT_RETURN_TYPE = YES_ERROR;
				GCC_WARN_UNDECLARED_SELECTOR = YES;
				GCC_WARN_UNINITIALIZED_AUTOS = YES_AGGRESSIVE;
				GCC_WARN_UNUSED_FUNCTION = YES;
				GCC_WARN_UNUSED_VARIABLE = YES;
				IPHONEOS_DEPLOYMENT_TARGET = 12.0;
				MTL_ENABLE_DEBUG_INFO = INCLUDE_SOURCE;
				MTL_FAST_MATH = YES;
				ONLY_ACTIVE_ARCH = YES;
				SDKROOT = iphoneos;
				SWIFT_ACTIVE_COMPILATION_CONDITIONS = DEBUG;
				SWIFT_OPTIMIZATION_LEVEL = "-Onone";
			};
			name = Debug;
		};
		3F6E492121BFAFB400BD5270 /* Release */ = {
			isa = XCBuildConfiguration;
			buildSettings = {
				ALWAYS_SEARCH_USER_PATHS = NO;
				CLANG_ANALYZER_NONNULL = YES;
				CLANG_ANALYZER_NUMBER_OBJECT_CONVERSION = YES_AGGRESSIVE;
				CLANG_CXX_LANGUAGE_STANDARD = "gnu++14";
				CLANG_CXX_LIBRARY = "libc++";
				CLANG_ENABLE_MODULES = YES;
				CLANG_ENABLE_OBJC_ARC = YES;
				CLANG_ENABLE_OBJC_WEAK = YES;
				CLANG_WARN_BLOCK_CAPTURE_AUTORELEASING = YES;
				CLANG_WARN_BOOL_CONVERSION = YES;
				CLANG_WARN_COMMA = YES;
				CLANG_WARN_CONSTANT_CONVERSION = YES;
				CLANG_WARN_DEPRECATED_OBJC_IMPLEMENTATIONS = YES;
				CLANG_WARN_DIRECT_OBJC_ISA_USAGE = YES_ERROR;
				CLANG_WARN_DOCUMENTATION_COMMENTS = YES;
				CLANG_WARN_EMPTY_BODY = YES;
				CLANG_WARN_ENUM_CONVERSION = YES;
				CLANG_WARN_INFINITE_RECURSION = YES;
				CLANG_WARN_INT_CONVERSION = YES;
				CLANG_WARN_NON_LITERAL_NULL_CONVERSION = YES;
				CLANG_WARN_OBJC_IMPLICIT_RETAIN_SELF = YES;
				CLANG_WARN_OBJC_LITERAL_CONVERSION = YES;
				CLANG_WARN_OBJC_ROOT_CLASS = YES_ERROR;
				CLANG_WARN_RANGE_LOOP_ANALYSIS = YES;
				CLANG_WARN_STRICT_PROTOTYPES = YES;
				CLANG_WARN_SUSPICIOUS_MOVE = YES;
				CLANG_WARN_UNGUARDED_AVAILABILITY = YES_AGGRESSIVE;
				CLANG_WARN_UNREACHABLE_CODE = YES;
				CLANG_WARN__DUPLICATE_METHOD_MATCH = YES;
				CODE_SIGN_IDENTITY = "iPhone Developer";
				COPY_PHASE_STRIP = NO;
				DEBUG_INFORMATION_FORMAT = "dwarf-with-dsym";
				ENABLE_NS_ASSERTIONS = NO;
				ENABLE_STRICT_OBJC_MSGSEND = YES;
				GCC_C_LANGUAGE_STANDARD = gnu11;
				GCC_NO_COMMON_BLOCKS = YES;
				GCC_WARN_64_TO_32_BIT_CONVERSION = YES;
				GCC_WARN_ABOUT_RETURN_TYPE = YES_ERROR;
				GCC_WARN_UNDECLARED_SELECTOR = YES;
				GCC_WARN_UNINITIALIZED_AUTOS = YES_AGGRESSIVE;
				GCC_WARN_UNUSED_FUNCTION = YES;
				GCC_WARN_UNUSED_VARIABLE = YES;
				IPHONEOS_DEPLOYMENT_TARGET = 12.0;
				MTL_ENABLE_DEBUG_INFO = NO;
				MTL_FAST_MATH = YES;
				SDKROOT = iphoneos;
				SWIFT_COMPILATION_MODE = wholemodule;
				SWIFT_OPTIMIZATION_LEVEL = "-O";
				VALIDATE_PRODUCT = YES;
			};
			name = Release;
		};
		3F6E492321BFAFB400BD5270 /* Debug */ = {
			isa = XCBuildConfiguration;
			baseConfigurationReference = E94B71EBC6511C3A80D9BBCA /* Pods-RxPractice.debug.xcconfig */;
			buildSettings = {
				ASSETCATALOG_COMPILER_APPICON_NAME = AppIcon;
				CODE_SIGN_STYLE = Automatic;
				INFOPLIST_FILE = RxPractice/Info.plist;
				LD_RUNPATH_SEARCH_PATHS = (
					"$(inherited)",
					"@executable_path/Frameworks",
				);
				PRODUCT_BUNDLE_IDENTIFIER = giiiita.RxPractice;
				PRODUCT_NAME = "$(TARGET_NAME)";
				SWIFT_VERSION = 4.2;
				TARGETED_DEVICE_FAMILY = "1,2";
			};
			name = Debug;
		};
		3F6E492421BFAFB400BD5270 /* Release */ = {
			isa = XCBuildConfiguration;
			baseConfigurationReference = 32625D03DB876FEBDDCF9475 /* Pods-RxPractice.release.xcconfig */;
			buildSettings = {
				ASSETCATALOG_COMPILER_APPICON_NAME = AppIcon;
				CODE_SIGN_STYLE = Automatic;
				INFOPLIST_FILE = RxPractice/Info.plist;
				LD_RUNPATH_SEARCH_PATHS = (
					"$(inherited)",
					"@executable_path/Frameworks",
				);
				PRODUCT_BUNDLE_IDENTIFIER = giiiita.RxPractice;
				PRODUCT_NAME = "$(TARGET_NAME)";
				SWIFT_VERSION = 4.2;
				TARGETED_DEVICE_FAMILY = "1,2";
			};
			name = Release;
		};
		3F6E492621BFAFB400BD5270 /* Debug */ = {
			isa = XCBuildConfiguration;
			baseConfigurationReference = E8574C1389A4B997CA7D803B /* Pods-RxPracticeTests.debug.xcconfig */;
			buildSettings = {
				ALWAYS_EMBED_SWIFT_STANDARD_LIBRARIES = YES;
				BUNDLE_LOADER = "$(TEST_HOST)";
				CODE_SIGN_STYLE = Automatic;
				INFOPLIST_FILE = RxPracticeTests/Info.plist;
				LD_RUNPATH_SEARCH_PATHS = (
					"$(inherited)",
					"@executable_path/Frameworks",
					"@loader_path/Frameworks",
				);
				PRODUCT_BUNDLE_IDENTIFIER = giiiita.RxPracticeTests;
				PRODUCT_NAME = "$(TARGET_NAME)";
				SWIFT_VERSION = 4.2;
				TARGETED_DEVICE_FAMILY = "1,2";
				TEST_HOST = "$(BUILT_PRODUCTS_DIR)/RxPractice.app/RxPractice";
			};
			name = Debug;
		};
		3F6E492721BFAFB400BD5270 /* Release */ = {
			isa = XCBuildConfiguration;
			baseConfigurationReference = 07DF41449521B401D486FD0C /* Pods-RxPracticeTests.release.xcconfig */;
			buildSettings = {
				ALWAYS_EMBED_SWIFT_STANDARD_LIBRARIES = YES;
				BUNDLE_LOADER = "$(TEST_HOST)";
				CODE_SIGN_STYLE = Automatic;
				INFOPLIST_FILE = RxPracticeTests/Info.plist;
				LD_RUNPATH_SEARCH_PATHS = (
					"$(inherited)",
					"@executable_path/Frameworks",
					"@loader_path/Frameworks",
				);
				PRODUCT_BUNDLE_IDENTIFIER = giiiita.RxPracticeTests;
				PRODUCT_NAME = "$(TARGET_NAME)";
				SWIFT_VERSION = 4.2;
				TARGETED_DEVICE_FAMILY = "1,2";
				TEST_HOST = "$(BUILT_PRODUCTS_DIR)/RxPractice.app/RxPractice";
			};
			name = Release;
		};
		3F6E492921BFAFB400BD5270 /* Debug */ = {
			isa = XCBuildConfiguration;
			baseConfigurationReference = 3610D427BCE99FE90B96D28C /* Pods-RxPracticeUITests.debug.xcconfig */;
			buildSettings = {
				ALWAYS_EMBED_SWIFT_STANDARD_LIBRARIES = YES;
				CODE_SIGN_STYLE = Automatic;
				INFOPLIST_FILE = RxPracticeUITests/Info.plist;
				LD_RUNPATH_SEARCH_PATHS = (
					"$(inherited)",
					"@executable_path/Frameworks",
					"@loader_path/Frameworks",
				);
				PRODUCT_BUNDLE_IDENTIFIER = giiiita.RxPracticeUITests;
				PRODUCT_NAME = "$(TARGET_NAME)";
				SWIFT_VERSION = 4.2;
				TARGETED_DEVICE_FAMILY = "1,2";
				TEST_TARGET_NAME = RxPractice;
			};
			name = Debug;
		};
		3F6E492A21BFAFB400BD5270 /* Release */ = {
			isa = XCBuildConfiguration;
			baseConfigurationReference = 0AA7BC44E49C3982B9031342 /* Pods-RxPracticeUITests.release.xcconfig */;
			buildSettings = {
				ALWAYS_EMBED_SWIFT_STANDARD_LIBRARIES = YES;
				CODE_SIGN_STYLE = Automatic;
				INFOPLIST_FILE = RxPracticeUITests/Info.plist;
				LD_RUNPATH_SEARCH_PATHS = (
					"$(inherited)",
					"@executable_path/Frameworks",
					"@loader_path/Frameworks",
				);
				PRODUCT_BUNDLE_IDENTIFIER = giiiita.RxPracticeUITests;
				PRODUCT_NAME = "$(TARGET_NAME)";
				SWIFT_VERSION = 4.2;
				TARGETED_DEVICE_FAMILY = "1,2";
				TEST_TARGET_NAME = RxPractice;
			};
			name = Release;
		};
/* End XCBuildConfiguration section */

/* Begin XCConfigurationList section */
		3F6E48F221BFAFB300BD5270 /* Build configuration list for PBXProject "RxPractice" */ = {
			isa = XCConfigurationList;
			buildConfigurations = (
				3F6E492021BFAFB400BD5270 /* Debug */,
				3F6E492121BFAFB400BD5270 /* Release */,
			);
			defaultConfigurationIsVisible = 0;
			defaultConfigurationName = Release;
		};
		3F6E492221BFAFB400BD5270 /* Build configuration list for PBXNativeTarget "RxPractice" */ = {
			isa = XCConfigurationList;
			buildConfigurations = (
				3F6E492321BFAFB400BD5270 /* Debug */,
				3F6E492421BFAFB400BD5270 /* Release */,
			);
			defaultConfigurationIsVisible = 0;
			defaultConfigurationName = Release;
		};
		3F6E492521BFAFB400BD5270 /* Build configuration list for PBXNativeTarget "RxPracticeTests" */ = {
			isa = XCConfigurationList;
			buildConfigurations = (
				3F6E492621BFAFB400BD5270 /* Debug */,
				3F6E492721BFAFB400BD5270 /* Release */,
			);
			defaultConfigurationIsVisible = 0;
			defaultConfigurationName = Release;
		};
		3F6E492821BFAFB400BD5270 /* Build configuration list for PBXNativeTarget "RxPracticeUITests" */ = {
			isa = XCConfigurationList;
			buildConfigurations = (
				3F6E492921BFAFB400BD5270 /* Debug */,
				3F6E492A21BFAFB400BD5270 /* Release */,
			);
			defaultConfigurationIsVisible = 0;
			defaultConfigurationName = Release;
		};
/* End XCConfigurationList section */

/* Begin XCVersionGroup section */
		3F6E490121BFAFB300BD5270 /* RxPractice.xcdatamodeld */ = {
			isa = XCVersionGroup;
			children = (
				3F6E490221BFAFB300BD5270 /* RxPractice.xcdatamodel */,
			);
			currentVersion = 3F6E490221BFAFB300BD5270 /* RxPractice.xcdatamodel */;
			path = RxPractice.xcdatamodeld;
			sourceTree = "<group>";
			versionGroupType = wrapper.xcdatamodel;
		};
/* End XCVersionGroup section */
	};
	rootObject = 3F6E48EF21BFAFB300BD5270 /* Project object */;
}
